
Microsoft Visual Studio Solution File, Format Version 12.00
# Visual Studio 15
VisualStudioVersion = 15.0.27428.2037
MinimumVisualStudioVersion = 10.0.40219.1
Project("{8BC9CEB8-8B4A-11D0-8D11-00A0C91BC942}") = "spacegame1", "spacegame1\spacegame1.vcxproj", "{FE73303E-15C4-4179-A5A4-718D34572A62}"
	ProjectSection(ProjectDependencies) = postProject
		{73501D07-0B5F-4F27-9132-F362CC5222E6} = {73501D07-0B5F-4F27-9132-F362CC5222E6}
	EndProjectSection
EndProject
Project("{8BC9CEB8-8B4A-11D0-8D11-00A0C91BC942}") = "gamelib", "gamelib\gamelib.vcxproj", "{73501D07-0B5F-4F27-9132-F362CC5222E6}"
EndProject
Project("{8BC9CEB8-8B4A-11D0-8D11-00A0C91BC942}") = "multiplayerscratch", "multiplayerscratch\multiplayerscratch.vcxproj", "{C195BBFA-68F4-46E4-8784-8EFAC5D424A5}"
	ProjectSection(ProjectDependencies) = postProject
		{73501D07-0B5F-4F27-9132-F362CC5222E6} = {73501D07-0B5F-4F27-9132-F362CC5222E6}
	EndProjectSection
EndProject
Project("{8BC9CEB8-8B4A-11D0-8D11-00A0C91BC942}") = "multiplayer_server", "multiplayer_server\multiplayer_server.vcxproj", "{835D9BD6-1C33-42EA-A775-F2532F22CD94}"
EndProject
Project("{8BC9CEB8-8B4A-11D0-8D11-00A0C91BC942}") = "gamedevrpgchallenge", "gamedevrpgchallenge\gamedevrpgchallenge.vcxproj", "{81DE40A2-F87F-436D-8519-A631341D4182}"
	ProjectSection(ProjectDependencies) = postProject
		{73501D07-0B5F-4F27-9132-F362CC5222E6} = {73501D07-0B5F-4F27-9132-F362CC5222E6}
	EndProjectSection
EndProject
Project("{8BC9CEB8-8B4A-11D0-8D11-00A0C91BC942}") = "ogretool", "ogretool\ogretool.vcxproj", "{A9DDB9B2-66FA-4CA3-B921-4064EC7C5435}"
EndProject
Global
	GlobalSection(SolutionConfigurationPlatforms) = preSolution
		Debug|x64 = Debug|x64
		Debug|x86 = Debug|x86
		Release|x64 = Release|x64
		Release|x86 = Release|x86
	EndGlobalSection
	GlobalSection(ProjectConfigurationPlatforms) = postSolution
		{FE73303E-15C4-4179-A5A4-718D34572A62}.Debug|x64.ActiveCfg = Debug|x64
		{FE73303E-15C4-4179-A5A4-718D34572A62}.Debug|x64.Build.0 = Debug|x64
		{FE73303E-15C4-4179-A5A4-718D34572A62}.Debug|x86.ActiveCfg = Debug|Win32
		{FE73303E-15C4-4179-A5A4-718D34572A62}.Debug|x86.Build.0 = Debug|Win32
		{FE73303E-15C4-4179-A5A4-718D34572A62}.Release|x64.ActiveCfg = Release|x64
		{FE73303E-15C4-4179-A5A4-718D34572A62}.Release|x64.Build.0 = Release|x64
		{FE73303E-15C4-4179-A5A4-718D34572A62}.Release|x86.ActiveCfg = Release|Win32
		{FE73303E-15C4-4179-A5A4-718D34572A62}.Release|x86.Build.0 = Release|Win32
		{73501D07-0B5F-4F27-9132-F362CC5222E6}.Debug|x64.ActiveCfg = Debug|x64
		{73501D07-0B5F-4F27-9132-F362CC5222E6}.Debug|x64.Build.0 = Debug|x64
		{73501D07-0B5F-4F27-9132-F362CC5222E6}.Debug|x86.ActiveCfg = Debug|Win32
		{73501D07-0B5F-4F27-9132-F362CC5222E6}.Debug|x86.Build.0 = Debug|Win32
		{73501D07-0B5F-4F27-9132-F362CC5222E6}.Release|x64.ActiveCfg = Release|x64
		{73501D07-0B5F-4F27-9132-F362CC5222E6}.Release|x64.Build.0 = Release|x64
		{73501D07-0B5F-4F27-9132-F362CC5222E6}.Release|x86.ActiveCfg = Release|Win32
		{73501D07-0B5F-4F27-9132-F362CC5222E6}.Release|x86.Build.0 = Release|Win32
		{C195BBFA-68F4-46E4-8784-8EFAC5D424A5}.Debug|x64.ActiveCfg = Debug|x64
		{C195BBFA-68F4-46E4-8784-8EFAC5D424A5}.Debug|x64.Build.0 = Debug|x64
		{C195BBFA-68F4-46E4-8784-8EFAC5D424A5}.Debug|x86.ActiveCfg = Debug|Win32
		{C195BBFA-68F4-46E4-8784-8EFAC5D424A5}.Debug|x86.Build.0 = Debug|Win32
		{C195BBFA-68F4-46E4-8784-8EFAC5D424A5}.Release|x64.ActiveCfg = Release|x64
		{C195BBFA-68F4-46E4-8784-8EFAC5D424A5}.Release|x64.Build.0 = Release|x64
		{C195BBFA-68F4-46E4-8784-8EFAC5D424A5}.Release|x86.ActiveCfg = Release|Win32
		{C195BBFA-68F4-46E4-8784-8EFAC5D424A5}.Release|x86.Build.0 = Release|Win32
		{835D9BD6-1C33-42EA-A775-F2532F22CD94}.Debug|x64.ActiveCfg = Debug|x64
		{835D9BD6-1C33-42EA-A775-F2532F22CD94}.Debug|x64.Build.0 = Debug|x64
		{835D9BD6-1C33-42EA-A775-F2532F22CD94}.Debug|x86.ActiveCfg = Debug|Win32
		{835D9BD6-1C33-42EA-A775-F2532F22CD94}.Debug|x86.Build.0 = Debug|Win32
		{835D9BD6-1C33-42EA-A775-F2532F22CD94}.Release|x64.ActiveCfg = Release|x64
		{835D9BD6-1C33-42EA-A775-F2532F22CD94}.Release|x64.Build.0 = Release|x64
		{835D9BD6-1C33-42EA-A775-F2532F22CD94}.Release|x86.ActiveCfg = Release|Win32
		{835D9BD6-1C33-42EA-A775-F2532F22CD94}.Release|x86.Build.0 = Release|Win32
		{81DE40A2-F87F-436D-8519-A631341D4182}.Debug|x64.ActiveCfg = Debug|x64
		{81DE40A2-F87F-436D-8519-A631341D4182}.Debug|x64.Build.0 = Debug|x64
		{81DE40A2-F87F-436D-8519-A631341D4182}.Debug|x86.ActiveCfg = Debug|Win32
		{81DE40A2-F87F-436D-8519-A631341D4182}.Debug|x86.Build.0 = Debug|Win32
		{81DE40A2-F87F-436D-8519-A631341D4182}.Release|x64.ActiveCfg = Release|x64
		{81DE40A2-F87F-436D-8519-A631341D4182}.Release|x64.Build.0 = Release|x64
		{81DE40A2-F87F-436D-8519-A631341D4182}.Release|x86.ActiveCfg = Release|Win32
		{81DE40A2-F87F-436D-8519-A631341D4182}.Release|x86.Build.0 = Release|Win32
		{A9DDB9B2-66FA-4CA3-B921-4064EC7C5435}.Debug|x64.ActiveCfg = Debug|x64
		{A9DDB9B2-66FA-4CA3-B921-4064EC7C5435}.Debug|x64.Build.0 = Debug|x64
		{A9DDB9B2-66FA-4CA3-B921-4064EC7C5435}.Debug|x86.ActiveCfg = Debug|Win32
		{A9DDB9B2-66FA-4CA3-B921-4064EC7C5435}.Debug|x86.Build.0 = Debug|Win32
		{A9DDB9B2-66FA-4CA3-B921-4064EC7C5435}.Release|x64.ActiveCfg = Release|x64
		{A9DDB9B2-66FA-4CA3-B921-4064EC7C5435}.Release|x64.Build.0 = Release|x64
		{A9DDB9B2-66FA-4CA3-B921-4064EC7C5435}.Release|x86.ActiveCfg = Release|Win32
		{A9DDB9B2-66FA-4CA3-B921-4064EC7C5435}.Release|x86.Build.0 = Release|Win32
	EndGlobalSection
	GlobalSection(SolutionProperties) = preSolution
		HideSolutionNode = FALSE
	EndGlobalSection
	GlobalSection(ExtensibilityGlobals) = postSolution
		SolutionGuid = {020142B7-09C8-494C-A4D4-D082D8257627}
	EndGlobalSection
EndGlobal
